
Microsoft Visual Studio Solution File, Format Version 12.00
# Visual Studio Version 16
VisualStudioVersion = 16.0.31005.135
MinimumVisualStudioVersion = 10.0.40219.1
Project("{9A19103F-16F7-4668-BE54-9A1E7A4F7556}") = "Playground.SignalR.Stocks", "Playground.SignalR.Stocks\Playground.SignalR.Stocks.csproj", "{0D3173EE-368F-4005-ADFA-2368B1E58505}"
EndProject
Global
	GlobalSection(SolutionConfigurationPlatforms) = preSolution
		Debug|Any CPU = Debug|Any CPU
		Release|Any CPU = Release|Any CPU
	EndGlobalSection
	GlobalSection(ProjectConfigurationPlatforms) = postSolution
		{0D3173EE-368F-4005-ADFA-2368B1E58505}.Debug|Any CPU.ActiveCfg = Debug|Any CPU
		{0D3173EE-368F-4005-ADFA-2368B1E58505}.Debug|Any CPU.Build.0 = Debug|Any CPU
		{0D3173EE-368F-4005-ADFA-2368B1E58505}.Release|Any CPU.ActiveCfg = Release|Any CPU
		{0D3173EE-368F-4005-ADFA-2368B1E58505}.Release|Any CPU.Build.0 = Release|Any CPU
	EndGlobalSection
	GlobalSection(SolutionProperties) = preSolution
		HideSolutionNode = FALSE
	EndGlobalSection
	GlobalSection(ExtensibilityGlobals) = postSolution
		SolutionGuid = {223019CF-0BC5-4570-98BC-59B3E6E0EC47}
	EndGlobalSection
EndGlobal
